// !$*UTF8*$!
{
	archiveVersion = 1;
	classes = {
	};
	objectVersion = 56;
	objects = {

/* Begin PBXBuildFile section */
		31A035B82ACC02CB004322F1 /* AppDelegate.swift in Sources */ = {isa = PBXBuildFile; fileRef = 31A035B72ACC02CB004322F1 /* AppDelegate.swift */; };
		31A035BA2ACC02CB004322F1 /* SceneDelegate.swift in Sources */ = {isa = PBXBuildFile; fileRef = 31A035B92ACC02CB004322F1 /* SceneDelegate.swift */; };
		31A035BC2ACC02CB004322F1 /* ViewController.swift in Sources */ = {isa = PBXBuildFile; fileRef = 31A035BB2ACC02CB004322F1 /* ViewController.swift */; };
		31A035BF2ACC02CB004322F1 /* Main.storyboard in Resources */ = {isa = PBXBuildFile; fileRef = 31A035BD2ACC02CB004322F1 /* Main.storyboard */; };
		31A035C12ACC02CF004322F1 /* Assets.xcassets in Resources */ = {isa = PBXBuildFile; fileRef = 31A035C02ACC02CF004322F1 /* Assets.xcassets */; };
		31A035C42ACC02CF004322F1 /* LaunchScreen.storyboard in Resources */ = {isa = PBXBuildFile; fileRef = 31A035C22ACC02CF004322F1 /* LaunchScreen.storyboard */; };
		31A035CF2ACC02D0004322F1 /* swift_5_demoTests.swift in Sources */ = {isa = PBXBuildFile; fileRef = 31A035CE2ACC02D0004322F1 /* swift_5_demoTests.swift */; };
		31A035D92ACC02D0004322F1 /* swift_5_demoUITests.swift in Sources */ = {isa = PBXBuildFile; fileRef = 31A035D82ACC02D0004322F1 /* swift_5_demoUITests.swift */; };
		31A035DB2ACC02D0004322F1 /* swift_5_demoUITestsLaunchTests.swift in Sources */ = {isa = PBXBuildFile; fileRef = 31A035DA2ACC02D0004322F1 /* swift_5_demoUITestsLaunchTests.swift */; };
/* End PBXBuildFile section */

/* Begin PBXContainerItemProxy section */
		31A035CB2ACC02D0004322F1 /* PBXContainerItemProxy */ = {
			isa = PBXContainerItemProxy;
			containerPortal = 31A035AC2ACC02CB004322F1 /* Project object */;
			proxyType = 1;
			remoteGlobalIDString = 31A035B32ACC02CB004322F1;
			remoteInfo = swift_5_demo;
		};
		31A035D52ACC02D0004322F1 /* PBXContainerItemProxy */ = {
			isa = PBXContainerItemProxy;
			containerPortal = 31A035AC2ACC02CB004322F1 /* Project object */;
			proxyType = 1;
			remoteGlobalIDString = 31A035B32ACC02CB004322F1;
			remoteInfo = swift_5_demo;
		};
/* End PBXContainerItemProxy section */

/* Begin PBXFileReference section */
		31A035B42ACC02CB004322F1 /* swift_5_demo.app */ = {isa = PBXFileReference; explicitFileType = wrapper.application; includeInIndex = 0; path = swift_5_demo.app; sourceTree = BUILT_PRODUCTS_DIR; };
		31A035B72ACC02CB004322F1 /* AppDelegate.swift */ = {isa = PBXFileReference; lastKnownFileType = sourcecode.swift; path = AppDelegate.swift; sourceTree = "<group>"; };
		31A035B92ACC02CB004322F1 /* SceneDelegate.swift */ = {isa = PBXFileReference; lastKnownFileType = sourcecode.swift; path = SceneDelegate.swift; sourceTree = "<group>"; };
		31A035BB2ACC02CB004322F1 /* ViewController.swift */ = {isa = PBXFileReference; lastKnownFileType = sourcecode.swift; path = ViewController.swift; sourceTree = "<group>"; };
		31A035BE2ACC02CB004322F1 /* Base */ = {isa = PBXFileReference; lastKnownFileType = file.storyboard; name = Base; path = Base.lproj/Main.storyboard; sourceTree = "<group>"; };
		31A035C02ACC02CF004322F1 /* Assets.xcassets */ = {isa = PBXFileReference; lastKnownFileType = folder.assetcatalog; path = Assets.xcassets; sourceTree = "<group>"; };
		31A035C32ACC02CF004322F1 /* Base */ = {isa = PBXFileReference; lastKnownFileType = file.storyboard; name = Base; path = Base.lproj/LaunchScreen.storyboard; sourceTree = "<group>"; };
		31A035C52ACC02CF004322F1 /* Info.plist */ = {isa = PBXFileReference; lastKnownFileType = text.plist.xml; path = Info.plist; sourceTree = "<group>"; };
		31A035CA2ACC02D0004322F1 /* swift_5_demoTests.xctest */ = {isa = PBXFileReference; explicitFileType = wrapper.cfbundle; includeInIndex = 0; path = swift_5_demoTests.xctest; sourceTree = BUILT_PRODUCTS_DIR; };
		31A035CE2ACC02D0004322F1 /* swift_5_demoTests.swift */ = {isa = PBXFileReference; lastKnownFileType = sourcecode.swift; path = swift_5_demoTests.swift; sourceTree = "<group>"; };
		31A035D42ACC02D0004322F1 /* swift_5_demoUITests.xctest */ = {isa = PBXFileReference; explicitFileType = wrapper.cfbundle; includeInIndex = 0; path = swift_5_demoUITests.xctest; sourceTree = BUILT_PRODUCTS_DIR; };
		31A035D82ACC02D0004322F1 /* swift_5_demoUITests.swift */ = {isa = PBXFileReference; lastKnownFileType = sourcecode.swift; path = swift_5_demoUITests.swift; sourceTree = "<group>"; };
		31A035DA2ACC02D0004322F1 /* swift_5_demoUITestsLaunchTests.swift */ = {isa = PBXFileReference; lastKnownFileType = sourcecode.swift; path = swift_5_demoUITestsLaunchTests.swift; sourceTree = "<group>"; };
/* End PBXFileReference section */

/* Begin PBXFrameworksBuildPhase section */
		31A035B12ACC02CB004322F1 /* Frameworks */ = {
			isa = PBXFrameworksBuildPhase;
			buildActionMask = 2147483647;
			files = (
			);
			runOnlyForDeploymentPostprocessing = 0;
		};
		31A035C72ACC02D0004322F1 /* Frameworks */ = {
			isa = PBXFrameworksBuildPhase;
			buildActionMask = 2147483647;
			files = (
			);
			runOnlyForDeploymentPostprocessing = 0;
		};
		31A035D12ACC02D0004322F1 /* Frameworks */ = {
			isa = PBXFrameworksBuildPhase;
			buildActionMask = 2147483647;
			files = (
			);
			runOnlyForDeploymentPostprocessing = 0;
		};
/* End PBXFrameworksBuildPhase section */

/* Begin PBXGroup section */
		31A035AB2ACC02CB004322F1 = {
			isa = PBXGroup;
			children = (
				31A035B62ACC02CB004322F1 /* swift_5_demo */,
				31A035CD2ACC02D0004322F1 /* swift_5_demoTests */,
				31A035D72ACC02D0004322F1 /* swift_5_demoUITests */,
				31A035B52ACC02CB004322F1 /* Products */,
			);
			sourceTree = "<group>";
		};
		31A035B52ACC02CB004322F1 /* Products */ = {
			isa = PBXGroup;
			children = (
				31A035B42ACC02CB004322F1 /* swift_5_demo.app */,
				31A035CA2ACC02D0004322F1 /* swift_5_demoTests.xctest */,
				31A035D42ACC02D0004322F1 /* swift_5_demoUITests.xctest */,
			);
			name = Products;
			sourceTree = "<group>";
		};
		31A035B62ACC02CB004322F1 /* swift_5_demo */ = {
			isa = PBXGroup;
			children = (
				31A035B72ACC02CB004322F1 /* AppDelegate.swift */,
				31A035B92ACC02CB004322F1 /* SceneDelegate.swift */,
				31A035BB2ACC02CB004322F1 /* ViewController.swift */,
				31A035BD2ACC02CB004322F1 /* Main.storyboard */,
				31A035C02ACC02CF004322F1 /* Assets.xcassets */,
				31A035C22ACC02CF004322F1 /* LaunchScreen.storyboard */,
				31A035C52ACC02CF004322F1 /* Info.plist */,
			);
			path = swift_5_demo;
			sourceTree = "<group>";
		};
		31A035CD2ACC02D0004322F1 /* swift_5_demoTests */ = {
			isa = PBXGroup;
			children = (
				31A035CE2ACC02D0004322F1 /* swift_5_demoTests.swift */,
			);
			path = swift_5_demoTests;
			sourceTree = "<group>";
		};
		31A035D72ACC02D0004322F1 /* swift_5_demoUITests */ = {
			isa = PBXGroup;
			children = (
				31A035D82ACC02D0004322F1 /* swift_5_demoUITests.swift */,
				31A035DA2ACC02D0004322F1 /* swift_5_demoUITestsLaunchTests.swift */,
			);
			path = swift_5_demoUITests;
			sourceTree = "<group>";
		};
/* End PBXGroup section */

/* Begin PBXNativeTarget section */
		31A035B32ACC02CB004322F1 /* swift_5_demo */ = {
			isa = PBXNativeTarget;
			buildConfigurationList = 31A035DE2ACC02D0004322F1 /* Build configuration list for PBXNativeTarget "swift_5_demo" */;
			buildPhases = (
				31A035B02ACC02CB004322F1 /* Sources */,
				31A035B12ACC02CB004322F1 /* Frameworks */,
				31A035B22ACC02CB004322F1 /* Resources */,
			);
			buildRules = (
			);
			dependencies = (
			);
			name = swift_5_demo;
			productName = swift_5_demo;
			productReference = 31A035B42ACC02CB004322F1 /* swift_5_demo.app */;
			productType = "com.apple.product-type.application";
		};
		31A035C92ACC02D0004322F1 /* swift_5_demoTests */ = {
			isa = PBXNativeTarget;
			buildConfigurationList = 31A035E12ACC02D0004322F1 /* Build configuration list for PBXNativeTarget "swift_5_demoTests" */;
			buildPhases = (
				31A035C62ACC02D0004322F1 /* Sources */,
				31A035C72ACC02D0004322F1 /* Frameworks */,
				31A035C82ACC02D0004322F1 /* Resources */,
			);
			buildRules = (
			);
			dependencies = (
				31A035CC2ACC02D0004322F1 /* PBXTargetDependency */,
			);
			name = swift_5_demoTests;
			productName = swift_5_demoTests;
			productReference = 31A035CA2ACC02D0004322F1 /* swift_5_demoTests.xctest */;
			productType = "com.apple.product-type.bundle.unit-test";
		};
		31A035D32ACC02D0004322F1 /* swift_5_demoUITests */ = {
			isa = PBXNativeTarget;
			buildConfigurationList = 31A035E42ACC02D0004322F1 /* Build configuration list for PBXNativeTarget "swift_5_demoUITests" */;
			buildPhases = (
				31A035D02ACC02D0004322F1 /* Sources */,
				31A035D12ACC02D0004322F1 /* Frameworks */,
				31A035D22ACC02D0004322F1 /* Resources */,
			);
			buildRules = (
			);
			dependencies = (
				31A035D62ACC02D0004322F1 /* PBXTargetDependency */,
			);
			name = swift_5_demoUITests;
			productName = swift_5_demoUITests;
			productReference = 31A035D42ACC02D0004322F1 /* swift_5_demoUITests.xctest */;
			productType = "com.apple.product-type.bundle.ui-testing";
		};
/* End PBXNativeTarget section */

/* Begin PBXProject section */
		31A035AC2ACC02CB004322F1 /* Project object */ = {
			isa = PBXProject;
			attributes = {
				BuildIndependentTargetsInParallel = 1;
				LastSwiftUpdateCheck = 1400;
				LastUpgradeCheck = 1400;
				TargetAttributes = {
					31A035B32ACC02CB004322F1 = {
						CreatedOnToolsVersion = 14.0.1;
					};
					31A035C92ACC02D0004322F1 = {
						CreatedOnToolsVersion = 14.0.1;
						TestTargetID = 31A035B32ACC02CB004322F1;
					};
					31A035D32ACC02D0004322F1 = {
						CreatedOnToolsVersion = 14.0.1;
						TestTargetID = 31A035B32ACC02CB004322F1;
					};
				};
			};
			buildConfigurationList = 31A035AF2ACC02CB004322F1 /* Build configuration list for PBXProject "swift_5_demo" */;
			compatibilityVersion = "Xcode 14.0";
			developmentRegion = en;
			hasScannedForEncodings = 0;
			knownRegions = (
				en,
				Base,
			);
			mainGroup = 31A035AB2ACC02CB004322F1;
			productRefGroup = 31A035B52ACC02CB004322F1 /* Products */;
			projectDirPath = "";
			projectRoot = "";
			targets = (
				31A035B32ACC02CB004322F1 /* swift_5_demo */,
				31A035C92ACC02D0004322F1 /* swift_5_demoTests */,
				31A035D32ACC02D0004322F1 /* swift_5_demoUITests */,
			);
		};
/* End PBXProject section */

/* Begin PBXResourcesBuildPhase section */
		31A035B22ACC02CB004322F1 /* Resources */ = {
			isa = PBXResourcesBuildPhase;
			buildActionMask = 2147483647;
			files = (
				31A035C42ACC02CF004322F1 /* LaunchScreen.storyboard in Resources */,
				31A035C12ACC02CF004322F1 /* Assets.xcassets in Resources */,
				31A035BF2ACC02CB004322F1 /* Main.storyboard in Resources */,
			);
			runOnlyForDeploymentPostprocessing = 0;
		};
		31A035C82ACC02D0004322F1 /* Resources */ = {
			isa = PBXResourcesBuildPhase;
			buildActionMask = 2147483647;
			files = (
			);
			runOnlyForDeploymentPostprocessing = 0;
		};
		31A035D22ACC02D0004322F1 /* Resources */ = {
			isa = PBXResourcesBuildPhase;
			buildActionMask = 2147483647;
			files = (
			);
			runOnlyForDeploymentPostprocessing = 0;
		};
/* End PBXResourcesBuildPhase section */

/* Begin PBXSourcesBuildPhase section */
		31A035B02ACC02CB004322F1 /* Sources */ = {
			isa = PBXSourcesBuildPhase;
			buildActionMask = 2147483647;
			files = (
				31A035BC2ACC02CB004322F1 /* ViewController.swift in Sources */,
				31A035B82ACC02CB004322F1 /* AppDelegate.swift in Sources */,
				31A035BA2ACC02CB004322F1 /* SceneDelegate.swift in Sources */,
			);
			runOnlyForDeploymentPostprocessing = 0;
		};
		31A035C62ACC02D0004322F1 /* Sources */ = {
			isa = PBXSourcesBuildPhase;
			buildActionMask = 2147483647;
			files = (
				31A035CF2ACC02D0004322F1 /* swift_5_demoTests.swift in Sources */,
			);
			runOnlyForDeploymentPostprocessing = 0;
		};
		31A035D02ACC02D0004322F1 /* Sources */ = {
			isa = PBXSourcesBuildPhase;
			buildActionMask = 2147483647;
			files = (
				31A035D92ACC02D0004322F1 /* swift_5_demoUITests.swift in Sources */,
				31A035DB2ACC02D0004322F1 /* swift_5_demoUITestsLaunchTests.swift in Sources */,
			);
			runOnlyForDeploymentPostprocessing = 0;
		};
/* End PBXSourcesBuildPhase section */

/* Begin PBXTargetDependency section */
		31A035CC2ACC02D0004322F1 /* PBXTargetDependency */ = {
			isa = PBXTargetDependency;
			target = 31A035B32ACC02CB004322F1 /* swift_5_demo */;
			targetProxy = 31A035CB2ACC02D0004322F1 /* PBXContainerItemProxy */;
		};
		31A035D62ACC02D0004322F1 /* PBXTargetDependency */ = {
			isa = PBXTargetDependency;
			target = 31A035B32ACC02CB004322F1 /* swift_5_demo */;
			targetProxy = 31A035D52ACC02D0004322F1 /* PBXContainerItemProxy */;
		};
/* End PBXTargetDependency section */

/* Begin PBXVariantGroup section */
		31A035BD2ACC02CB004322F1 /* Main.storyboard */ = {
			isa = PBXVariantGroup;
			children = (
				31A035BE2ACC02CB004322F1 /* Base */,
			);
			name = Main.storyboard;
			sourceTree = "<group>";
		};
		31A035C22ACC02CF004322F1 /* LaunchScreen.storyboard */ = {
			isa = PBXVariantGroup;
			children = (
				31A035C32ACC02CF004322F1 /* Base */,
			);
			name = LaunchScreen.storyboard;
			sourceTree = "<group>";
		};
/* End PBXVariantGroup section */

/* Begin XCBuildConfiguration section */
		31A035DC2ACC02D0004322F1 /* Debug */ = {
			isa = XCBuildConfiguration;
			buildSettings = {
				ALWAYS_SEARCH_USER_PATHS = NO;
				CLANG_ANALYZER_NONNULL = YES;
				CLANG_ANALYZER_NUMBER_OBJECT_CONVERSION = YES_AGGRESSIVE;
				CLANG_CXX_LANGUAGE_STANDARD = "gnu++20";
				CLANG_ENABLE_MODULES = YES;
				CLANG_ENABLE_OBJC_ARC = YES;
				CLANG_ENABLE_OBJC_WEAK = YES;
				CLANG_WARN_BLOCK_CAPTURE_AUTORELEASING = YES;
				CLANG_WARN_BOOL_CONVERSION = YES;
				CLANG_WARN_COMMA = YES;
				CLANG_WARN_CONSTANT_CONVERSION = YES;
				CLANG_WARN_DEPRECATED_OBJC_IMPLEMENTATIONS = YES;
				CLANG_WARN_DIRECT_OBJC_ISA_USAGE = YES_ERROR;
				CLANG_WARN_DOCUMENTATION_COMMENTS = YES;
				CLANG_WARN_EMPTY_BODY = YES;
				CLANG_WARN_ENUM_CONVERSION = YES;
				CLANG_WARN_INFINITE_RECURSION = YES;
				CLANG_WARN_INT_CONVERSION = YES;
				CLANG_WARN_NON_LITERAL_NULL_CONVERSION = YES;
				CLANG_WARN_OBJC_IMPLICIT_RETAIN_SELF = YES;
				CLANG_WARN_OBJC_LITERAL_CONVERSION = YES;
				CLANG_WARN_OBJC_ROOT_CLASS = YES_ERROR;
				CLANG_WARN_QUOTED_INCLUDE_IN_FRAMEWORK_HEADER = YES;
				CLANG_WARN_RANGE_LOOP_ANALYSIS = YES;
				CLANG_WARN_STRICT_PROTOTYPES = YES;
				CLANG_WARN_SUSPICIOUS_MOVE = YES;
				CLANG_WARN_UNGUARDED_AVAILABILITY = YES_AGGRESSIVE;
				CLANG_WARN_UNREACHABLE_CODE = YES;
				CLANG_WARN__DUPLICATE_METHOD_MATCH = YES;
				COPY_PHASE_STRIP = NO;
				DEBUG_INFORMATION_FORMAT = dwarf;
				ENABLE_STRICT_OBJC_MSGSEND = YES;
				ENABLE_TESTABILITY = YES;
				GCC_C_LANGUAGE_STANDARD = gnu11;
				GCC_DYNAMIC_NO_PIC = NO;
				GCC_NO_COMMON_BLOCKS = YES;
				GCC_OPTIMIZATION_LEVEL = 0;
				GCC_PREPROCESSOR_DEFINITIONS = (
					"DEBUG=1",
					"$(inherited)",
				);
				GCC_WARN_64_TO_32_BIT_CONVERSION = YES;
				GCC_WARN_ABOUT_RETURN_TYPE = YES_ERROR;
				GCC_WARN_UNDECLARED_SELECTOR = YES;
				GCC_WARN_UNINITIALIZED_AUTOS = YES_AGGRESSIVE;
				GCC_WARN_UNUSED_FUNCTION = YES;
				GCC_WARN_UNUSED_VARIABLE = YES;
				IPHONEOS_DEPLOYMENT_TARGET = 16.0;
				MTL_ENABLE_DEBUG_INFO = INCLUDE_SOURCE;
				MTL_FAST_MATH = YES;
				ONLY_ACTIVE_ARCH = YES;
				SDKROOT = iphoneos;
				SWIFT_ACTIVE_COMPILATION_CONDITIONS = DEBUG;
				SWIFT_OPTIMIZATION_LEVEL = "-Onone";
			};
			name = Debug;
		};
		31A035DD2ACC02D0004322F1 /* Release */ = {
			isa = XCBuildConfiguration;
			buildSettings = {
				ALWAYS_SEARCH_USER_PATHS = NO;
				CLANG_ANALYZER_NONNULL = YES;
				CLANG_ANALYZER_NUMBER_OBJECT_CONVERSION = YES_AGGRESSIVE;
				CLANG_CXX_LANGUAGE_STANDARD = "gnu++20";
				CLANG_ENABLE_MODULES = YES;
				CLANG_ENABLE_OBJC_ARC = YES;
				CLANG_ENABLE_OBJC_WEAK = YES;
				CLANG_WARN_BLOCK_CAPTURE_AUTORELEASING = YES;
				CLANG_WARN_BOOL_CONVERSION = YES;
				CLANG_WARN_COMMA = YES;
				CLANG_WARN_CONSTANT_CONVERSION = YES;
				CLANG_WARN_DEPRECATED_OBJC_IMPLEMENTATIONS = YES;
				CLANG_WARN_DIRECT_OBJC_ISA_USAGE = YES_ERROR;
				CLANG_WARN_DOCUMENTATION_COMMENTS = YES;
				CLANG_WARN_EMPTY_BODY = YES;
				CLANG_WARN_ENUM_CONVERSION = YES;
				CLANG_WARN_INFINITE_RECURSION = YES;
				CLANG_WARN_INT_CONVERSION = YES;
				CLANG_WARN_NON_LITERAL_NULL_CONVERSION = YES;
				CLANG_WARN_OBJC_IMPLICIT_RETAIN_SELF = YES;
				CLANG_WARN_OBJC_LITERAL_CONVERSION = YES;
				CLANG_WARN_OBJC_ROOT_CLASS = YES_ERROR;
				CLANG_WARN_QUOTED_INCLUDE_IN_FRAMEWORK_HEADER = YES;
				CLANG_WARN_RANGE_LOOP_ANALYSIS = YES;
				CLANG_WARN_STRICT_PROTOTYPES = YES;
				CLANG_WARN_SUSPICIOUS_MOVE = YES;
				CLANG_WARN_UNGUARDED_AVAILABILITY = YES_AGGRESSIVE;
				CLANG_WARN_UNREACHABLE_CODE = YES;
				CLANG_WARN__DUPLICATE_METHOD_MATCH = YES;
				COPY_PHASE_STRIP = NO;
				DEBUG_INFORMATION_FORMAT = "dwarf-with-dsym";
				ENABLE_NS_ASSERTIONS = NO;
				ENABLE_STRICT_OBJC_MSGSEND = YES;
				GCC_C_LANGUAGE_STANDARD = gnu11;
				GCC_NO_COMMON_BLOCKS = YES;
				GCC_WARN_64_TO_32_BIT_CONVERSION = YES;
				GCC_WARN_ABOUT_RETURN_TYPE = YES_ERROR;
				GCC_WARN_UNDECLARED_SELECTOR = YES;
				GCC_WARN_UNINITIALIZED_AUTOS = YES_AGGRESSIVE;
				GCC_WARN_UNUSED_FUNCTION = YES;
				GCC_WARN_UNUSED_VARIABLE = YES;
				IPHONEOS_DEPLOYMENT_TARGET = 16.0;
				MTL_ENABLE_DEBUG_INFO = NO;
				MTL_FAST_MATH = YES;
				SDKROOT = iphoneos;
				SWIFT_COMPILATION_MODE = wholemodule;
				SWIFT_OPTIMIZATION_LEVEL = "-O";
				VALIDATE_PRODUCT = YES;
			};
			name = Release;
		};
		31A035DF2ACC02D0004322F1 /* Debug */ = {
			isa = XCBuildConfiguration;
			buildSettings = {
				ASSETCATALOG_COMPILER_APPICON_NAME = AppIcon;
				ASSETCATALOG_COMPILER_GLOBAL_ACCENT_COLOR_NAME = AccentColor;
				CODE_SIGN_STYLE = Automatic;
				CURRENT_PROJECT_VERSION = 1;
				GENERATE_INFOPLIST_FILE = YES;
				INFOPLIST_FILE = swift_5_demo/Info.plist;
				INFOPLIST_KEY_UIApplicationSupportsIndirectInputEvents = YES;
				INFOPLIST_KEY_UILaunchStoryboardName = LaunchScreen;
				INFOPLIST_KEY_UIMainStoryboardFile = Main;
				INFOPLIST_KEY_UISupportedInterfaceOrientations_iPad = "UIInterfaceOrientationPortrait UIInterfaceOrientationPortraitUpsideDown UIInterfaceOrientationLandscapeLeft UIInterfaceOrientationLandscapeRight";
				INFOPLIST_KEY_UISupportedInterfaceOrientations_iPhone = "UIInterfaceOrientationPortrait UIInterfaceOrientationLandscapeLeft UIInterfaceOrientationLandscapeRight";
				LD_RUNPATH_SEARCH_PATHS = (
					"$(inherited)",
					"@executable_path/Frameworks",
				);
				MARKETING_VERSION = 1.0;
				PRODUCT_BUNDLE_IDENTIFIER = "com.wenhai.swift-5-demo";
				PRODUCT_NAME = "$(TARGET_NAME)";
				SWIFT_EMIT_LOC_STRINGS = YES;
				SWIFT_VERSION = 5.0;
				TARGETED_DEVICE_FAMILY = "1,2";
			};
			name = Debug;
		};
		31A035E02ACC02D0004322F1 /* Release */ = {
			isa = XCBuildConfiguration;
			buildSettings = {
				ASSETCATALOG_COMPILER_APPICON_NAME = AppIcon;
				ASSETCATALOG_COMPILER_GLOBAL_ACCENT_COLOR_NAME = AccentColor;
				CODE_SIGN_STYLE = Automatic;
				CURRENT_PROJECT_VERSION = 1;
				GENERATE_INFOPLIST_FILE = YES;
				INFOPLIST_FILE = swift_5_demo/Info.plist;
				INFOPLIST_KEY_UIApplicationSupportsIndirectInputEvents = YES;
				INFOPLIST_KEY_UILaunchStoryboardName = LaunchScreen;
				INFOPLIST_KEY_UIMainStoryboardFile = Main;
				INFOPLIST_KEY_UISupportedInterfaceOrientations_iPad = "UIInterfaceOrientationPortrait UIInterfaceOrientationPortraitUpsideDown UIInterfaceOrientationLandscapeLeft UIInterfaceOrientationLandscapeRight";
				INFOPLIST_KEY_UISupportedInterfaceOrientations_iPhone = "UIInterfaceOrientationPortrait UIInterfaceOrientationLandscapeLeft UIInterfaceOrientationLandscapeRight";
				LD_RUNPATH_SEARCH_PATHS = (
					"$(inherited)",
					"@executable_path/Frameworks",
				);
				MARKETING_VERSION = 1.0;
				PRODUCT_BUNDLE_IDENTIFIER = "com.wenhai.swift-5-demo";
				PRODUCT_NAME = "$(TARGET_NAME)";
				SWIFT_EMIT_LOC_STRINGS = YES;
				SWIFT_VERSION = 5.0;
				TARGETED_DEVICE_FAMILY = "1,2";
			};
			name = Release;
		};
		31A035E22ACC02D0004322F1 /* Debug */ = {
			isa = XCBuildConfiguration;
			buildSettings = {
				ALWAYS_EMBED_SWIFT_STANDARD_LIBRARIES = YES;
				BUNDLE_LOADER = "$(TEST_HOST)";
				CODE_SIGN_STYLE = Automatic;
				CURRENT_PROJECT_VERSION = 1;
				GENERATE_INFOPLIST_FILE = YES;
				IPHONEOS_DEPLOYMENT_TARGET = 16.0;
				MARKETING_VERSION = 1.0;
				PRODUCT_BUNDLE_IDENTIFIER = "com.wenhai.swift-5-demoTests";
				PRODUCT_NAME = "$(TARGET_NAME)";
				SWIFT_EMIT_LOC_STRINGS = NO;
				SWIFT_VERSION = 5.0;
				TARGETED_DEVICE_FAMILY = "1,2";
				TEST_HOST = "$(BUILT_PRODUCTS_DIR)/swift_5_demo.app/$(BUNDLE_EXECUTABLE_FOLDER_PATH)/swift_5_demo";
			};
			name = Debug;
		};
		31A035E32ACC02D0004322F1 /* Release */ = {
			isa = XCBuildConfiguration;
			buildSettings = {
				ALWAYS_EMBED_SWIFT_STANDARD_LIBRARIES = YES;
				BUNDLE_LOADER = "$(TEST_HOST)";
				CODE_SIGN_STYLE = Automatic;
				CURRENT_PROJECT_VERSION = 1;
				GENERATE_INFOPLIST_FILE = YES;
				IPHONEOS_DEPLOYMENT_TARGET = 16.0;
				MARKETING_VERSION = 1.0;
				PRODUCT_BUNDLE_IDENTIFIER = "com.wenhai.swift-5-demoTests";
				PRODUCT_NAME = "$(TARGET_NAME)";
				SWIFT_EMIT_LOC_STRINGS = NO;
				SWIFT_VERSION = 5.0;
				TARGETED_DEVICE_FAMILY = "1,2";
				TEST_HOST = "$(BUILT_PRODUCTS_DIR)/swift_5_demo.app/$(BUNDLE_EXECUTABLE_FOLDER_PATH)/swift_5_demo";
			};
			name = Release;
		};
		31A035E52ACC02D0004322F1 /* Debug */ = {
			isa = XCBuildConfiguration;
			buildSettings = {
				ALWAYS_EMBED_SWIFT_STANDARD_LIBRARIES = YES;
				CODE_SIGN_STYLE = Automatic;
				CURRENT_PROJECT_VERSION = 1;
				GENERATE_INFOPLIST_FILE = YES;
				MARKETING_VERSION = 1.0;
				PRODUCT_BUNDLE_IDENTIFIER = "com.wenhai.swift-5-demoUITests";
				PRODUCT_NAME = "$(TARGET_NAME)";
				SWIFT_EMIT_LOC_STRINGS = NO;
				SWIFT_VERSION = 5.0;
				TARGETED_DEVICE_FAMILY = "1,2";
				TEST_TARGET_NAME = swift_5_demo;
			};
			name = Debug;
		};
		31A035E62ACC02D0004322F1 /* Release */ = {
			isa = XCBuildConfiguration;
			buildSettings = {
				ALWAYS_EMBED_SWIFT_STANDARD_LIBRARIES = YES;
				CODE_SIGN_STYLE = Automatic;
				CURRENT_PROJECT_VERSION = 1;
				GENERATE_INFOPLIST_FILE = YES;
				MARKETING_VERSION = 1.0;
				PRODUCT_BUNDLE_IDENTIFIER = "com.wenhai.swift-5-demoUITests";
				PRODUCT_NAME = "$(TARGET_NAME)";
				SWIFT_EMIT_LOC_STRINGS = NO;
				SWIFT_VERSION = 5.0;
				TARGETED_DEVICE_FAMILY = "1,2";
				TEST_TARGET_NAME = swift_5_demo;
			};
			name = Release;
		};
/* End XCBuildConfiguration section */

/* Begin XCConfigurationList section */
		31A035AF2ACC02CB004322F1 /* Build configuration list for PBXProject "swift_5_demo" */ = {
			isa = XCConfigurationList;
			buildConfigurations = (
				31A035DC2ACC02D0004322F1 /* Debug */,
				31A035DD2ACC02D0004322F1 /* Release */,
			);
			defaultConfigurationIsVisible = 0;
			defaultConfigurationName = Release;
		};
		31A035DE2ACC02D0004322F1 /* Build configuration list for PBXNativeTarget "swift_5_demo" */ = {
			isa = XCConfigurationList;
			buildConfigurations = (
				31A035DF2ACC02D0004322F1 /* Debug */,
				31A035E02ACC02D0004322F1 /* Release */,
			);
			defaultConfigurationIsVisible = 0;
			defaultConfigurationName = Release;
		};
		31A035E12ACC02D0004322F1 /* Build configuration list for PBXNativeTarget "swift_5_demoTests" */ = {
			isa = XCConfigurationList;
			buildConfigurations = (
				31A035E22ACC02D0004322F1 /* Debug */,
				31A035E32ACC02D0004322F1 /* Release */,
			);
			defaultConfigurationIsVisible = 0;
			defaultConfigurationName = Release;
		};
		31A035E42ACC02D0004322F1 /* Build configuration list for PBXNativeTarget "swift_5_demoUITests" */ = {
			isa = XCConfigurationList;
			buildConfigurations = (
				31A035E52ACC02D0004322F1 /* Debug */,
				31A035E62ACC02D0004322F1 /* Release */,
			);
			defaultConfigurationIsVisible = 0;
			defaultConfigurationName = Release;
		};
/* End XCConfigurationList section */
	};
	rootObject = 31A035AC2ACC02CB004322F1 /* Project object */;
}
